
Microsoft Visual Studio Solution File, Format Version 12.00
# Visual Studio Version 16
VisualStudioVersion = 16.0.29905.134
MinimumVisualStudioVersion = 10.0.40219.1
Project("{FAE04EC0-301F-11D3-BF4B-00C04F79EFBC}") = "DragablzDemo", "DragablzDemo\DragablzDemo.csproj", "{C224E879-B52C-4CA3-919F-2AB4B4CA46AB}"
EndProject
Global
	GlobalSection(SolutionConfigurationPlatforms) = preSolution
		Debug|Any CPU = Debug|Any CPU
		Release|Any CPU = Release|Any CPU
	EndGlobalSection
	GlobalSection(ProjectConfigurationPlatforms) = postSolution
		{C224E879-B52C-4CA3-919F-2AB4B4CA46AB}.Debug|Any CPU.ActiveCfg = Debug|Any CPU
		{C224E879-B52C-4CA3-919F-2AB4B4CA46AB}.Debug|Any CPU.Build.0 = Debug|Any CPU
		{C224E879-B52C-4CA3-919F-2AB4B4CA46AB}.Release|Any CPU.ActiveCfg = Release|Any CPU
		{C224E879-B52C-4CA3-919F-2AB4B4CA46AB}.Release|Any CPU.Build.0 = Release|Any CPU
	EndGlobalSection
	GlobalSection(SolutionProperties) = preSolution
		HideSolutionNode = FALSE
	EndGlobalSection
	GlobalSection(ExtensibilityGlobals) = postSolution
		SolutionGuid = {D925A70A-0A25-47B6-B317-C5602E0D8679}
	EndGlobalSection
EndGlobal
